<?xml version="1.0" encoding="utf-8"?>
<Project ToolsVersion="4.0" xmlns="http://schemas.microsoft.com/developer/msbuild/2003">
  <ItemGroup>
    <Filter Include="源文件">
      <UniqueIdentifier>{4FC737F1-C7A5-4376-A066-2A32D752A2FF}</UniqueIdentifier>
      <Extensions>cpp;c;cc;cxx;def;odl;idl;hpj;bat;asm;asmx</Extensions>
    </Filter>
    <Filter Include="头文件">
      <UniqueIdentifier>{93995380-89BD-4b04-88EB-625FBE52EBFB}</UniqueIdentifier>
      <Extensions>h;hh;hpp;hxx;hm;inl;inc;ipp;xsd</Extensions>
    </Filter>
    <Filter Include="资源文件">
      <UniqueIdentifier>{67DA6AB6-F800-4c08-8B7A-83BB121AAD01}</UniqueIdentifier>
      <Extensions>rc;ico;cur;bmp;dlg;rc2;rct;bin;rgs;gif;jpg;jpeg;jpe;resx;tiff;tif;png;wav;mfcribbon-ms</Extensions>
    </Filter>
    <Filter Include="源文件\Serial">
      <UniqueIdentifier>{df8138a9-aab1-4e1a-a6d6-59a00b79aa25}</UniqueIdentifier>
    </Filter>
    <Filter Include="源文件\CustomWindowClasses">
      <UniqueIdentifier>{9485fb4b-87aa-4845-91fd-a4e7faa38589}</UniqueIdentifier>
    </Filter>
    <Filter Include="源文件\Clipboard">
      <UniqueIdentifier>{ee9ff209-bac3-46b8-9819-588e4f77f690}</UniqueIdentifier>
    </Filter>
    <Filter Include="源文件\Common">
      <UniqueIdentifier>{4d673196-f398-4edb-8f95-bd87bde2ad7f}</UniqueIdentifier>
    </Filter>
    <Filter Include="源文件\XML">
      <UniqueIdentifier>{f812561e-7325-46d4-96f3-3713773efe63}</UniqueIdentifier>
    </Filter>
    <Filter Include="源文件\Network">
      <UniqueIdentifier>{6bdfb034-a1c9-423b-a557-087615aad0ae}</UniqueIdentifier>
    </Filter>
    <Filter Include="源文件\IPC">
      <UniqueIdentifier>{b829fdd5-25c4-4d8c-b26e-a18b8f92b761}</UniqueIdentifier>
    </Filter>
    <Filter Include="源文件\WorkThread">
      <UniqueIdentifier>{8c8c521c-d8d1-4809-a761-d81ca68124a6}</UniqueIdentifier>
    </Filter>
  </ItemGroup>
  <ItemGroup>
    <ClCompile Include="Source\WinMain.cpp">
      <Filter>源文件</Filter>
    </ClCompile>
    <ClCompile Include="Source\Serial\serial_port_list.cpp">
      <Filter>源文件\Serial</Filter>
    </ClCompile>
    <ClCompile Include="Source\CustomWindowClasses\MyButton.cpp">
      <Filter>源文件\CustomWindowClasses</Filter>
    </ClCompile>
    <ClCompile Include="Source\CustomWindowClasses\CustomWindowClassesInit.cpp">
      <Filter>源文件\CustomWindowClasses</Filter>
    </ClCompile>
    <ClCompile Include="Source\Clipboard\Clipboard.cpp">
      <Filter>源文件\Clipboard</Filter>
    </ClCompile>
    <ClCompile Include="Source\Clipboard\clipboard_list.cpp">
      <Filter>源文件\Clipboard</Filter>
    </ClCompile>
    <ClCompile Include="Source\Common\hex_dump.cpp">
      <Filter>源文件\Common</Filter>
    </ClCompile>
    <ClCompile Include="Source\CustomWindowClasses\EmptyBoard.cpp">
      <Filter>源文件\CustomWindowClasses</Filter>
    </ClCompile>
    <ClCompile Include="Source\CustomWindowClasses\TextBoard.cpp">
      <Filter>源文件\CustomWindowClasses</Filter>
    </ClCompile>
    <ClCompile Include="Source\CustomWindowClasses\ArticleBoard.cpp">
      <Filter>源文件\CustomWindowClasses</Filter>
    </ClCompile>
    <ClCompile Include="Source\CustomWindowClasses\HTMLBoard.cpp">
      <Filter>源文件\CustomWindowClasses</Filter>
    </ClCompile>
    <ClCompile Include="Source\XML\tinyxml2.cpp">
      <Filter>源文件\XML</Filter>
    </ClCompile>
    <ClCompile Include="Source\CustomWindowClasses\BitmapBoard.cpp">
      <Filter>源文件\CustomWindowClasses</Filter>
    </ClCompile>
    <ClCompile Include="Source\Network\socket.cpp">
      <Filter>源文件\Network</Filter>
    </ClCompile>
    <ClCompile Include="Source\Network\dbgserver.cpp">
      <Filter>源文件\Network</Filter>
    </ClCompile>
    <ClCompile Include="ShareMemory.cpp">
      <Filter>源文件\IPC</Filter>
    </ClCompile>
    <ClCompile Include="LogBoard.cpp">
      <Filter>源文件\CustomWindowClasses</Filter>
    </ClCompile>
    <ClCompile Include="ScrollBoard.cpp">
      <Filter>源文件\CustomWindowClasses</Filter>
    </ClCompile>
    <ClCompile Include="ListBoard.cpp">
      <Filter>源文件\CustomWindowClasses</Filter>
    </ClCompile>
    <ClCompile Include="PaintBoard.cpp">
      <Filter>源文件\CustomWindowClasses</Filter>
    </ClCompile>
    <ClCompile Include="BitmapDynamicBoard.cpp">
      <Filter>源文件\CustomWindowClasses</Filter>
    </ClCompile>
    <ClCompile Include="TVBoard.cpp">
      <Filter>源文件\CustomWindowClasses</Filter>
    </ClCompile>
    <ClCompile Include="FrameGenerator.cpp">
      <Filter>源文件\WorkThread</Filter>
    </ClCompile>
    <ClCompile Include="Source\CustomWindowClasses\RingBufferBoard.cpp">
      <Filter>源文件\CustomWindowClasses</Filter>
    </ClCompile>
    <ClCompile Include="Source\CustomWindowClasses\ProgressBoard.cpp">
      <Filter>源文件\CustomWindowClasses</Filter>
    </ClCompile>
    <ClCompile Include="MenuBoard.cpp">
      <Filter>源文件\CustomWindowClasses</Filter>
    </ClCompile>
    <ClCompile Include="CMDBoard.cpp">
      <Filter>源文件\CustomWindowClasses</Filter>
    </ClCompile>
    <ClCompile Include="CardBoard.cpp">
      <Filter>源文件\CustomWindowClasses</Filter>
    </ClCompile>
    <ClCompile Include="PngBoard.cpp">
      <Filter>源文件\CustomWindowClasses</Filter>
    </ClCompile>
    <ClCompile Include="load_png.cpp">
      <Filter>源文件\Common</Filter>
    </ClCompile>
    <ClCompile Include="GameBoard.cpp">
      <Filter>源文件\CustomWindowClasses</Filter>
    </ClCompile>
    <ClCompile Include="CurveBoard.cpp">
      <Filter>源文件\CustomWindowClasses</Filter>
    </ClCompile>
    <ClCompile Include="DoubleBufferBoard.cpp">
      <Filter>源文件\CustomWindowClasses</Filter>
    </ClCompile>
    <ClCompile Include="DrawThread.cpp">
      <Filter>源文件\WorkThread</Filter>
    </ClCompile>
    <ClCompile Include="Game2Board.cpp">
      <Filter>源文件\CustomWindowClasses</Filter>
    </ClCompile>
  </ItemGroup>
  <ItemGroup>
    <ClInclude Include="Include\common.h">
      <Filter>头文件</Filter>
    </ClInclude>
    <ClInclude Include="Include\tinyxml2.h">
      <Filter>头文件</Filter>
    </ClInclude>
    <ClInclude Include="Include\getopt.h">
      <Filter>头文件</Filter>
    </ClInclude>
    <ClInclude Include="Include\png.h">
      <Filter>头文件</Filter>
    </ClInclude>
    <ClInclude Include="Include\pngconf.h">
      <Filter>头文件</Filter>
    </ClInclude>
    <ClInclude Include="Include\pnglibconf.h">
      <Filter>头文件</Filter>
    </ClInclude>
    <ClInclude Include="Include\socket.h">
      <Filter>头文件</Filter>
    </ClInclude>
  </ItemGroup>
  <ItemGroup>
    <None Include="README.md">
      <Filter>资源文件</Filter>
    </None>
  </ItemGroup>
</Project>